# THIS IS AN AUTOGENERATED FILE. DO NOT EDIT THIS FILE DIRECTLY.
# yarn lockfile v1


"@feathersjs/commons@^4.5.2":
  version "4.5.2"
  resolved "https://registry.yarnpkg.com/@feathersjs/commons/-/commons-4.5.2.tgz#86321aa7b6294bddbab550ffcce79633039940be"
  integrity sha512-nlgDnM4wxjJdernzNjDMn592H6YKKOhnwFOAkM7rJvFU/qfagBJtbFh1Q4ylRhMd+zK0u/Dg2nV3D5GxJNyDBA==

"@feathersjs/feathers@^4.5.2":
  version "4.5.2"
  resolved "https://registry.yarnpkg.com/@feathersjs/feathers/-/feathers-4.5.2.tgz#8ba49863b15eff5d346ccb920115ec5e57907a39"
  integrity sha512-wkT8F5K00/wTmUuWayNmOWnyLSbhvhr20aHOkTdWu+TUS12LLvpwcZtZdT0ARWQdG9GUo7Z+oA8JCQp07RwQag==
  dependencies:
    "@feathersjs/commons" "^4.5.2"
    debug "^4.1.1"
    events "^3.1.0"
    uberproto "^2.0.6"

debug@^4.1.1:
  version "4.1.1"
  resolved "https://registry.yarnpkg.com/debug/-/debug-4.1.1.tgz#3b72260255109c6b589cee050f1d516139664791"
  integrity sha512-pYAIzeRo8J6KPEaJ0VWOh5Pzkbw/RetuzehGM7QRRX5he4fPHx2rdKMB256ehJCkX+XRQm16eZLqLNS8RSZXZw==
  dependencies:
    ms "^2.1.1"

events@^3.1.0:
  version "3.1.0"
  resolved "https://registry.yarnpkg.com/events/-/events-3.1.0.tgz#84279af1b34cb75aa88bf5ff291f6d0bd9b31a59"
  integrity sha512-Rv+u8MLHNOdMjTAFeT3nCjHn2aGlx435FP/sDHNaRhDEMwyI/aB22Kj2qIN8R0cw3z28psEQLYwxVKLsKrMgWg==

ms@^2.1.1:
  version "2.1.2"
  resolved "https://registry.yarnpkg.com/ms/-/ms-2.1.2.tgz#d09d1f357b443f493382a8eb3ccd183872ae6009"
  integrity sha512-sGkPx+VjMtmA6MX27oA4FBFELFCZZ4S4XqeGOXCv68tT+jb3vk/RyaKWP0PTKyWtmLSM0b+adUTEvbs1PEaH2w==

uberproto@^2.0.6:
  version "2.0.6"
  resolved "https://registry.yarnpkg.com/uberproto/-/uberproto-2.0.6.tgz#709274d183bce6fb734dfd3880d2086ed72b69e5"
  integrity sha512-68H97HffZoFaa3HFtpstahWorN9dSp5uTU6jo3GjIQ6JkJBR3hC2Nx/e/HFOoYHdUyT/Z1MRWfxN1EiQJZUyCQ==
